
Microsoft Visual Studio Solution File, Format Version 12.00
# Visual Studio Version 16
VisualStudioVersion = 16.0.31402.337
MinimumVisualStudioVersion = 10.0.40219.1
Project("{FAE04EC0-301F-11D3-BF4B-00C04F79EFBC}") = "AdapterHW", "AdapterHW\AdapterHW.csproj", "{15ED2288-BF66-4F22-B205-E121D41FA9C7}"
EndProject
Global
	GlobalSection(SolutionConfigurationPlatforms) = preSolution
		Debug|Any CPU = Debug|Any CPU
		Release|Any CPU = Release|Any CPU
	EndGlobalSection
	GlobalSection(ProjectConfigurationPlatforms) = postSolution
		{15ED2288-BF66-4F22-B205-E121D41FA9C7}.Debug|Any CPU.ActiveCfg = Debug|Any CPU
		{15ED2288-BF66-4F22-B205-E121D41FA9C7}.Debug|Any CPU.Build.0 = Debug|Any CPU
		{15ED2288-BF66-4F22-B205-E121D41FA9C7}.Release|Any CPU.ActiveCfg = Release|Any CPU
		{15ED2288-BF66-4F22-B205-E121D41FA9C7}.Release|Any CPU.Build.0 = Release|Any CPU
	EndGlobalSection
	GlobalSection(SolutionProperties) = preSolution
		HideSolutionNode = FALSE
	EndGlobalSection
	GlobalSection(ExtensibilityGlobals) = postSolution
		SolutionGuid = {9EDE8884-9143-4B7F-B882-9259C2B93C09}
	EndGlobalSection
EndGlobal
